{
  "name": "tree-sitter-nx",
  "version": "0.0.1",
  "lockfileVersion": 3,
  "requires": true,
  "packages": {
    "": {
      "name": "tree-sitter-nx",
      "version": "0.0.1",
      "dependencies": {
        "nan": "^2.12.1"
      },
      "devDependencies": {
        "tree-sitter-cli": "^0.25.10"
      }
    },
    "node_modules/nan": {
      "version": "2.23.1",
      "resolved": "https://registry.npmjs.org/nan/-/nan-2.23.1.tgz",
      "integrity": "sha512-r7bBUGKzlqk8oPBDYxt6Z0aEdF1G1rwlMcLk8LCOMbOzf0mG+JUfUzG4fIMWwHWP0iyaLWEQZJmtB7nOHEm/qw==",
      "license": "MIT"
    },
    "node_modules/tree-sitter-cli": {
      "version": "0.25.10",
      "resolved": "https://registry.npmjs.org/tree-sitter-cli/-/tree-sitter-cli-0.25.10.tgz",
      "integrity": "sha512-KoebQguKMCIghisEOdA372TIbrUl0kdnfZ9YQIBRAeOvNSKe85XbU4LuFW7hduRUwJj0rAG7pX5wo9sZhbBF1g==",
      "dev": true,
      "hasInstallScript": true,
      "license": "MIT",
      "bin": {
        "tree-sitter": "cli.js"
      },
      "engines": {
        "node": ">=12.0.0"
      }
    }
  }
}
