lockfileVersion: '9.0'

settings:
  autoInstallPeers: true
  excludeLinksFromLockfile: false

importers:

  .:
    dependencies:
      nan:
        specifier: ^2.12.1
        version: 2.23.1
    devDependencies:
      tree-sitter-cli:
        specifier: 0.25.10
        version: 0.25.10

packages:

  nan@2.23.1:
    resolution: {integrity: sha512-r7bBUGKzlqk8oPBDYxt6Z0aEdF1G1rwlMcLk8LCOMbOzf0mG+JUfUzG4fIMWwHWP0iyaLWEQZJmtB7nOHEm/qw==}

  tree-sitter-cli@0.25.10:
    resolution: {integrity: sha512-KoebQguKMCIghisEOdA372TIbrUl0kdnfZ9YQIBRAeOvNSKe85XbU4LuFW7hduRUwJj0rAG7pX5wo9sZhbBF1g==}
    engines: {node: '>=12.0.0'}
    hasBin: true

snapshots:

  nan@2.23.1: {}

  tree-sitter-cli@0.25.10: {}
